
Microsoft Visual Studio Solution File, Format Version 12.00
Project("{FAE04EC0-301F-11D3-BF4B-00C04F79EFBC}") = "BT1", "BT1\BT1.csproj", "{0F0D9813-4468-4D86-8319-F4A8C5E071AA}"
EndProject
Project("{FAE04EC0-301F-11D3-BF4B-00C04F79EFBC}") = "BT2", "BT2\BT2.csproj", "{69D33AA9-6406-48A5-9DFB-5CF8AB2E4AAF}"
EndProject
Project("{FAE04EC0-301F-11D3-BF4B-00C04F79EFBC}") = "BT3", "BT3\BT3.csproj", "{FD869A11-B8A2-4F5F-9F9D-451714B9135D}"
EndProject
Project("{FAE04EC0-301F-11D3-BF4B-00C04F79EFBC}") = "BT4", "BT4\BT4.csproj", "{6C134189-5831-4E1E-9116-8D5E7806CCAB}"
EndProject
Global
	GlobalSection(SolutionConfigurationPlatforms) = preSolution
		Debug|Any CPU = Debug|Any CPU
		Release|Any CPU = Release|Any CPU
	EndGlobalSection
	GlobalSection(ProjectConfigurationPlatforms) = postSolution
		{0F0D9813-4468-4D86-8319-F4A8C5E071AA}.Debug|Any CPU.ActiveCfg = Debug|Any CPU
		{0F0D9813-4468-4D86-8319-F4A8C5E071AA}.Debug|Any CPU.Build.0 = Debug|Any CPU
		{0F0D9813-4468-4D86-8319-F4A8C5E071AA}.Release|Any CPU.ActiveCfg = Release|Any CPU
		{0F0D9813-4468-4D86-8319-F4A8C5E071AA}.Release|Any CPU.Build.0 = Release|Any CPU
		{69D33AA9-6406-48A5-9DFB-5CF8AB2E4AAF}.Debug|Any CPU.ActiveCfg = Debug|Any CPU
		{69D33AA9-6406-48A5-9DFB-5CF8AB2E4AAF}.Debug|Any CPU.Build.0 = Debug|Any CPU
		{69D33AA9-6406-48A5-9DFB-5CF8AB2E4AAF}.Release|Any CPU.ActiveCfg = Release|Any CPU
		{69D33AA9-6406-48A5-9DFB-5CF8AB2E4AAF}.Release|Any CPU.Build.0 = Release|Any CPU
		{FD869A11-B8A2-4F5F-9F9D-451714B9135D}.Debug|Any CPU.ActiveCfg = Debug|Any CPU
		{FD869A11-B8A2-4F5F-9F9D-451714B9135D}.Debug|Any CPU.Build.0 = Debug|Any CPU
		{FD869A11-B8A2-4F5F-9F9D-451714B9135D}.Release|Any CPU.ActiveCfg = Release|Any CPU
		{FD869A11-B8A2-4F5F-9F9D-451714B9135D}.Release|Any CPU.Build.0 = Release|Any CPU
		{6C134189-5831-4E1E-9116-8D5E7806CCAB}.Debug|Any CPU.ActiveCfg = Debug|Any CPU
		{6C134189-5831-4E1E-9116-8D5E7806CCAB}.Debug|Any CPU.Build.0 = Debug|Any CPU
		{6C134189-5831-4E1E-9116-8D5E7806CCAB}.Release|Any CPU.ActiveCfg = Release|Any CPU
		{6C134189-5831-4E1E-9116-8D5E7806CCAB}.Release|Any CPU.Build.0 = Release|Any CPU
	EndGlobalSection
EndGlobal
