
Microsoft Visual Studio Solution File, Format Version 12.00
Project("{FAE04EC0-301F-11D3-BF4B-00C04F79EFBC}") = "BT1", "BT1\BT1.csproj", "{499EE5C5-0E01-4C7E-98B4-DB2725AB2A47}"
EndProject
Global
	GlobalSection(SolutionConfigurationPlatforms) = preSolution
		Debug|Any CPU = Debug|Any CPU
		Release|Any CPU = Release|Any CPU
	EndGlobalSection
	GlobalSection(ProjectConfigurationPlatforms) = postSolution
		{499EE5C5-0E01-4C7E-98B4-DB2725AB2A47}.Debug|Any CPU.ActiveCfg = Debug|Any CPU
		{499EE5C5-0E01-4C7E-98B4-DB2725AB2A47}.Debug|Any CPU.Build.0 = Debug|Any CPU
		{499EE5C5-0E01-4C7E-98B4-DB2725AB2A47}.Release|Any CPU.ActiveCfg = Release|Any CPU
		{499EE5C5-0E01-4C7E-98B4-DB2725AB2A47}.Release|Any CPU.Build.0 = Release|Any CPU
	EndGlobalSection
EndGlobal
